
Microsoft Visual Studio Solution File, Format Version 12.00
# Visual Studio Version 16
VisualStudioVersion = 16.0.30907.101
MinimumVisualStudioVersion = 10.0.40219.1
Project("{2150E333-8FDC-42A3-9474-1A3956D46DE8}") = "Services", "Services", "{83311120-9770-4028-9462-95D73F258BA3}"
EndProject
Project("{2150E333-8FDC-42A3-9474-1A3956D46DE8}") = "Catalog", "Catalog", "{4DB7C3C3-ED14-4AC2-A540-FE1ECFF15D08}"
EndProject
Project("{FAE04EC0-301F-11D3-BF4B-00C04F79EFBC}") = "Catalog.API", "Services\Catalog\Catalog.API\Catalog.API.csproj", "{2B8C08F9-63B1-443C-9352-9EF00060D7D9}"
EndProject
Project("{E53339B2-1760-4266-BCC7-CA923CBCF16C}") = "docker-compose", "docker-compose.dcproj", "{9BBE1F22-50CB-458D-910B-ED5E06AEB8A2}"
EndProject
Global
	GlobalSection(SolutionConfigurationPlatforms) = preSolution
		Debug|Any CPU = Debug|Any CPU
		Release|Any CPU = Release|Any CPU
	EndGlobalSection
	GlobalSection(ProjectConfigurationPlatforms) = postSolution
		{2B8C08F9-63B1-443C-9352-9EF00060D7D9}.Debug|Any CPU.ActiveCfg = Debug|Any CPU
		{2B8C08F9-63B1-443C-9352-9EF00060D7D9}.Debug|Any CPU.Build.0 = Debug|Any CPU
		{2B8C08F9-63B1-443C-9352-9EF00060D7D9}.Release|Any CPU.ActiveCfg = Release|Any CPU
		{2B8C08F9-63B1-443C-9352-9EF00060D7D9}.Release|Any CPU.Build.0 = Release|Any CPU
		{9BBE1F22-50CB-458D-910B-ED5E06AEB8A2}.Debug|Any CPU.ActiveCfg = Debug|Any CPU
		{9BBE1F22-50CB-458D-910B-ED5E06AEB8A2}.Debug|Any CPU.Build.0 = Debug|Any CPU
		{9BBE1F22-50CB-458D-910B-ED5E06AEB8A2}.Release|Any CPU.ActiveCfg = Release|Any CPU
		{9BBE1F22-50CB-458D-910B-ED5E06AEB8A2}.Release|Any CPU.Build.0 = Release|Any CPU
	EndGlobalSection
	GlobalSection(SolutionProperties) = preSolution
		HideSolutionNode = FALSE
	EndGlobalSection
	GlobalSection(NestedProjects) = preSolution
		{4DB7C3C3-ED14-4AC2-A540-FE1ECFF15D08} = {83311120-9770-4028-9462-95D73F258BA3}
		{2B8C08F9-63B1-443C-9352-9EF00060D7D9} = {4DB7C3C3-ED14-4AC2-A540-FE1ECFF15D08}
	EndGlobalSection
	GlobalSection(ExtensibilityGlobals) = postSolution
		SolutionGuid = {9391323A-A1DD-4537-A28C-A057A0A8B18F}
	EndGlobalSection
EndGlobal
