
Microsoft Visual Studio Solution File, Format Version 12.00
# Visual Studio Version 16
VisualStudioVersion = 16.0.30907.101
MinimumVisualStudioVersion = 10.0.40219.1
Project("{2150E333-8FDC-42A3-9474-1A3956D46DE8}") = "Services", "Services", "{83311120-9770-4028-9462-95D73F258BA3}"
EndProject
Project("{2150E333-8FDC-42A3-9474-1A3956D46DE8}") = "Catalog", "Catalog", "{4DB7C3C3-ED14-4AC2-A540-FE1ECFF15D08}"
EndProject
Project("{9A19103F-16F7-4668-BE54-9A1E7A4F7556}") = "Catalog.API", "Services\Catalog\Catalog.API\Catalog.API.csproj", "{2B8C08F9-63B1-443C-9352-9EF00060D7D9}"
EndProject
Project("{E53339B2-1760-4266-BCC7-CA923CBCF16C}") = "docker-compose", "docker-compose.dcproj", "{9BBE1F22-50CB-458D-910B-ED5E06AEB8A2}"
EndProject
Project("{2150E333-8FDC-42A3-9474-1A3956D46DE8}") = "Basket", "Basket", "{F1ED55DB-B961-41C7-B920-B604260377F6}"
EndProject
Project("{9A19103F-16F7-4668-BE54-9A1E7A4F7556}") = "Basket.API", "Services\Basket\Basket.API\Basket.API.csproj", "{2682EABF-F916-433E-8DB1-710AC6D21751}"
EndProject
Project("{2150E333-8FDC-42A3-9474-1A3956D46DE8}") = "Discount", "Discount", "{D112F29D-603B-4133-BBC4-D7A0B38643F1}"
EndProject
Project("{9A19103F-16F7-4668-BE54-9A1E7A4F7556}") = "Discount.API", "Services\Discount\Discount.API\Discount.API.csproj", "{1216FAA6-9CB4-45BD-952D-2B7BE0687DA8}"
EndProject
Project("{9A19103F-16F7-4668-BE54-9A1E7A4F7556}") = "Discount.Grpc", "Services\Discount\Discount.Grpc\Discount.Grpc.csproj", "{573B1905-A2AF-472B-9210-919C595E902E}"
EndProject
Project("{2150E333-8FDC-42A3-9474-1A3956D46DE8}") = "CommonBlocks", "CommonBlocks", "{62FB0150-96FC-465C-85BE-7882557D7488}"
EndProject
Project("{9A19103F-16F7-4668-BE54-9A1E7A4F7556}") = "Common.Logging", "CommonBlocks\Common.Logging\Common.Logging.csproj", "{CF5433BB-06E8-4DB7-91A9-2CB18609930C}"
EndProject
Project("{9A19103F-16F7-4668-BE54-9A1E7A4F7556}") = "EventBus.Messages", "CommonBlocks\EventBus.Messages\EventBus.Messages.csproj", "{BFF7D5C2-F005-4555-8F78-2A67420A4285}"
EndProject
Project("{2150E333-8FDC-42A3-9474-1A3956D46DE8}") = "Ordering", "Ordering", "{3FA43D85-07E0-46E2-B6C0-51E2CE45622B}"
EndProject
Project("{FAE04EC0-301F-11D3-BF4B-00C04F79EFBC}") = "Ordering.Infrastructure", "Services\Ordering\Ordering.Infrastructure\Ordering.Infrastructure.csproj", "{6FE414BD-DA0A-40BE-9E4E-EF77FDF692CA}"
EndProject
Project("{FAE04EC0-301F-11D3-BF4B-00C04F79EFBC}") = "Ordering.Domain", "Services\Ordering\Ordering.Domain\Ordering.Domain.csproj", "{2CA7DFA4-016D-4C07-B845-DAF082C6BB3B}"
EndProject
Project("{FAE04EC0-301F-11D3-BF4B-00C04F79EFBC}") = "Ordering.Application", "Services\Ordering\Ordering.Application\Ordering.Application.csproj", "{19735FDA-D273-414C-9F9B-0119B59F79F0}"
EndProject
Project("{FAE04EC0-301F-11D3-BF4B-00C04F79EFBC}") = "Ordering.API", "Services\Ordering\Ordering.API\Ordering.API.csproj", "{288D5216-30F6-4440-A6B8-A319965E0002}"
EndProject
Project("{2150E333-8FDC-42A3-9474-1A3956D46DE8}") = "Gateways", "Gateways", "{A729892F-C4B4-4CDB-9679-423E0CC5CBF7}"
EndProject
Project("{FAE04EC0-301F-11D3-BF4B-00C04F79EFBC}") = "OcelotApiGw", "Gateways\OcelotApiGw\OcelotApiGw.csproj", "{4C0FF963-BDB6-49D7-95DE-C5BC68C945CF}"
EndProject
Project("{2150E333-8FDC-42A3-9474-1A3956D46DE8}") = "WebApps", "WebApps", "{6C3226E9-E329-4BFF-B8F8-20FE912A74C9}"
EndProject
Project("{FAE04EC0-301F-11D3-BF4B-00C04F79EFBC}") = "TestingApp", "WebApps\TestingApp\TestingApp.csproj", "{47C7AEEF-9F1B-4477-8FAA-DDBBE5C86317}"
EndProject
Global
	GlobalSection(SolutionConfigurationPlatforms) = preSolution
		Debug|Any CPU = Debug|Any CPU
		Release|Any CPU = Release|Any CPU
	EndGlobalSection
	GlobalSection(ProjectConfigurationPlatforms) = postSolution
		{2B8C08F9-63B1-443C-9352-9EF00060D7D9}.Debug|Any CPU.ActiveCfg = Debug|Any CPU
		{2B8C08F9-63B1-443C-9352-9EF00060D7D9}.Debug|Any CPU.Build.0 = Debug|Any CPU
		{2B8C08F9-63B1-443C-9352-9EF00060D7D9}.Release|Any CPU.ActiveCfg = Release|Any CPU
		{2B8C08F9-63B1-443C-9352-9EF00060D7D9}.Release|Any CPU.Build.0 = Release|Any CPU
		{9BBE1F22-50CB-458D-910B-ED5E06AEB8A2}.Debug|Any CPU.ActiveCfg = Debug|Any CPU
		{9BBE1F22-50CB-458D-910B-ED5E06AEB8A2}.Debug|Any CPU.Build.0 = Debug|Any CPU
		{9BBE1F22-50CB-458D-910B-ED5E06AEB8A2}.Release|Any CPU.ActiveCfg = Release|Any CPU
		{9BBE1F22-50CB-458D-910B-ED5E06AEB8A2}.Release|Any CPU.Build.0 = Release|Any CPU
		{2682EABF-F916-433E-8DB1-710AC6D21751}.Debug|Any CPU.ActiveCfg = Debug|Any CPU
		{2682EABF-F916-433E-8DB1-710AC6D21751}.Debug|Any CPU.Build.0 = Debug|Any CPU
		{2682EABF-F916-433E-8DB1-710AC6D21751}.Release|Any CPU.ActiveCfg = Release|Any CPU
		{2682EABF-F916-433E-8DB1-710AC6D21751}.Release|Any CPU.Build.0 = Release|Any CPU
		{1216FAA6-9CB4-45BD-952D-2B7BE0687DA8}.Debug|Any CPU.ActiveCfg = Debug|Any CPU
		{1216FAA6-9CB4-45BD-952D-2B7BE0687DA8}.Debug|Any CPU.Build.0 = Debug|Any CPU
		{1216FAA6-9CB4-45BD-952D-2B7BE0687DA8}.Release|Any CPU.ActiveCfg = Release|Any CPU
		{1216FAA6-9CB4-45BD-952D-2B7BE0687DA8}.Release|Any CPU.Build.0 = Release|Any CPU
		{573B1905-A2AF-472B-9210-919C595E902E}.Debug|Any CPU.ActiveCfg = Debug|Any CPU
		{573B1905-A2AF-472B-9210-919C595E902E}.Debug|Any CPU.Build.0 = Debug|Any CPU
		{573B1905-A2AF-472B-9210-919C595E902E}.Release|Any CPU.ActiveCfg = Release|Any CPU
		{573B1905-A2AF-472B-9210-919C595E902E}.Release|Any CPU.Build.0 = Release|Any CPU
		{CF5433BB-06E8-4DB7-91A9-2CB18609930C}.Debug|Any CPU.ActiveCfg = Debug|Any CPU
		{CF5433BB-06E8-4DB7-91A9-2CB18609930C}.Debug|Any CPU.Build.0 = Debug|Any CPU
		{CF5433BB-06E8-4DB7-91A9-2CB18609930C}.Release|Any CPU.ActiveCfg = Release|Any CPU
		{CF5433BB-06E8-4DB7-91A9-2CB18609930C}.Release|Any CPU.Build.0 = Release|Any CPU
		{BFF7D5C2-F005-4555-8F78-2A67420A4285}.Debug|Any CPU.ActiveCfg = Debug|Any CPU
		{BFF7D5C2-F005-4555-8F78-2A67420A4285}.Debug|Any CPU.Build.0 = Debug|Any CPU
		{BFF7D5C2-F005-4555-8F78-2A67420A4285}.Release|Any CPU.ActiveCfg = Release|Any CPU
		{BFF7D5C2-F005-4555-8F78-2A67420A4285}.Release|Any CPU.Build.0 = Release|Any CPU
		{6FE414BD-DA0A-40BE-9E4E-EF77FDF692CA}.Debug|Any CPU.ActiveCfg = Debug|Any CPU
		{6FE414BD-DA0A-40BE-9E4E-EF77FDF692CA}.Debug|Any CPU.Build.0 = Debug|Any CPU
		{6FE414BD-DA0A-40BE-9E4E-EF77FDF692CA}.Release|Any CPU.ActiveCfg = Release|Any CPU
		{6FE414BD-DA0A-40BE-9E4E-EF77FDF692CA}.Release|Any CPU.Build.0 = Release|Any CPU
		{2CA7DFA4-016D-4C07-B845-DAF082C6BB3B}.Debug|Any CPU.ActiveCfg = Debug|Any CPU
		{2CA7DFA4-016D-4C07-B845-DAF082C6BB3B}.Debug|Any CPU.Build.0 = Debug|Any CPU
		{2CA7DFA4-016D-4C07-B845-DAF082C6BB3B}.Release|Any CPU.ActiveCfg = Release|Any CPU
		{2CA7DFA4-016D-4C07-B845-DAF082C6BB3B}.Release|Any CPU.Build.0 = Release|Any CPU
		{19735FDA-D273-414C-9F9B-0119B59F79F0}.Debug|Any CPU.ActiveCfg = Debug|Any CPU
		{19735FDA-D273-414C-9F9B-0119B59F79F0}.Debug|Any CPU.Build.0 = Debug|Any CPU
		{19735FDA-D273-414C-9F9B-0119B59F79F0}.Release|Any CPU.ActiveCfg = Release|Any CPU
		{19735FDA-D273-414C-9F9B-0119B59F79F0}.Release|Any CPU.Build.0 = Release|Any CPU
		{288D5216-30F6-4440-A6B8-A319965E0002}.Debug|Any CPU.ActiveCfg = Debug|Any CPU
		{288D5216-30F6-4440-A6B8-A319965E0002}.Debug|Any CPU.Build.0 = Debug|Any CPU
		{288D5216-30F6-4440-A6B8-A319965E0002}.Release|Any CPU.ActiveCfg = Release|Any CPU
		{288D5216-30F6-4440-A6B8-A319965E0002}.Release|Any CPU.Build.0 = Release|Any CPU
		{4C0FF963-BDB6-49D7-95DE-C5BC68C945CF}.Debug|Any CPU.ActiveCfg = Debug|Any CPU
		{4C0FF963-BDB6-49D7-95DE-C5BC68C945CF}.Debug|Any CPU.Build.0 = Debug|Any CPU
		{4C0FF963-BDB6-49D7-95DE-C5BC68C945CF}.Release|Any CPU.ActiveCfg = Release|Any CPU
		{4C0FF963-BDB6-49D7-95DE-C5BC68C945CF}.Release|Any CPU.Build.0 = Release|Any CPU
		{47C7AEEF-9F1B-4477-8FAA-DDBBE5C86317}.Debug|Any CPU.ActiveCfg = Debug|Any CPU
		{47C7AEEF-9F1B-4477-8FAA-DDBBE5C86317}.Debug|Any CPU.Build.0 = Debug|Any CPU
		{47C7AEEF-9F1B-4477-8FAA-DDBBE5C86317}.Release|Any CPU.ActiveCfg = Release|Any CPU
		{47C7AEEF-9F1B-4477-8FAA-DDBBE5C86317}.Release|Any CPU.Build.0 = Release|Any CPU
	EndGlobalSection
	GlobalSection(SolutionProperties) = preSolution
		HideSolutionNode = FALSE
	EndGlobalSection
	GlobalSection(NestedProjects) = preSolution
		{4DB7C3C3-ED14-4AC2-A540-FE1ECFF15D08} = {83311120-9770-4028-9462-95D73F258BA3}
		{2B8C08F9-63B1-443C-9352-9EF00060D7D9} = {4DB7C3C3-ED14-4AC2-A540-FE1ECFF15D08}
		{F1ED55DB-B961-41C7-B920-B604260377F6} = {83311120-9770-4028-9462-95D73F258BA3}
		{2682EABF-F916-433E-8DB1-710AC6D21751} = {F1ED55DB-B961-41C7-B920-B604260377F6}
		{D112F29D-603B-4133-BBC4-D7A0B38643F1} = {83311120-9770-4028-9462-95D73F258BA3}
		{1216FAA6-9CB4-45BD-952D-2B7BE0687DA8} = {D112F29D-603B-4133-BBC4-D7A0B38643F1}
		{573B1905-A2AF-472B-9210-919C595E902E} = {D112F29D-603B-4133-BBC4-D7A0B38643F1}
		{CF5433BB-06E8-4DB7-91A9-2CB18609930C} = {62FB0150-96FC-465C-85BE-7882557D7488}
		{BFF7D5C2-F005-4555-8F78-2A67420A4285} = {62FB0150-96FC-465C-85BE-7882557D7488}
		{3FA43D85-07E0-46E2-B6C0-51E2CE45622B} = {83311120-9770-4028-9462-95D73F258BA3}
		{6FE414BD-DA0A-40BE-9E4E-EF77FDF692CA} = {3FA43D85-07E0-46E2-B6C0-51E2CE45622B}
		{2CA7DFA4-016D-4C07-B845-DAF082C6BB3B} = {3FA43D85-07E0-46E2-B6C0-51E2CE45622B}
		{19735FDA-D273-414C-9F9B-0119B59F79F0} = {3FA43D85-07E0-46E2-B6C0-51E2CE45622B}
		{288D5216-30F6-4440-A6B8-A319965E0002} = {3FA43D85-07E0-46E2-B6C0-51E2CE45622B}
		{4C0FF963-BDB6-49D7-95DE-C5BC68C945CF} = {A729892F-C4B4-4CDB-9679-423E0CC5CBF7}
		{47C7AEEF-9F1B-4477-8FAA-DDBBE5C86317} = {6C3226E9-E329-4BFF-B8F8-20FE912A74C9}
	EndGlobalSection
	GlobalSection(ExtensibilityGlobals) = postSolution
		SolutionGuid = {9391323A-A1DD-4537-A28C-A057A0A8B18F}
	EndGlobalSection
EndGlobal
